# Generated by cargo-scarlet — do not edit

[sections.boot]
hash = "sha256:232c20e61a1b57873f5775862b984df4fb1a9f813c75ad2482ac22a94a56ea51"
layers = []

[sections.initramfs]
hash = "sha256:2ad21ebdaf39257204279497a2e201c60d42fc05976afd5c6111bb147f2d1f63"

[[sections.initramfs.layers]]
kind = "cargo"
package = "user-bin"
bin = "init"
to = "/system/scarlet/bin/init"
hash = "sha256:d1f818f92ac8051e7e67eba18dd555f44aec4ecba41f630d85fc290b2ac872cd"

[sections.initramfs.layers.source]
type = "path"
path = "../../user/bin"

[[sections.initramfs.layers]]
kind = "cargo"
package = "user-bin"
bin = "sh"
to = "/system/scarlet/bin/sh"
hash = "sha256:36cfc8158c367ee737d521db6405d8969f3298269b72ad5da11bfd1c9c687bb2"

[sections.initramfs.layers.source]
type = "path"
path = "../../user/bin"

[[sections.initramfs.layers]]
kind = "cargo"
package = "user-bin"
bin = "login"
to = "/system/scarlet/bin/login"
hash = "sha256:ce2578349d4ea4b6d6e343bbcf133be34be825b88bebb570e08b53cd73f11e67"

[sections.initramfs.layers.source]
type = "path"
path = "../../user/bin"

[[sections.initramfs.layers]]
kind = "cargo"
package = "user-bin"
bin = "stemd"
to = "/system/scarlet/bin/stemd"
hash = "sha256:edcc98b394fe5bde7aaa8386a8b4c55c2a83b9a7eb8911df7bec977721577115"

[sections.initramfs.layers.source]
type = "path"
path = "../../user/bin"

[[sections.initramfs.layers]]
kind = "cargo"
package = "user-bin"
bin = "sbusd"
to = "/system/scarlet/bin/sbusd"
hash = "sha256:f8e3ba0d11a516b3db77144d75d5ddf4b90ead4041c4e34e8b14b7cf2316161d"

[sections.initramfs.layers.source]
type = "path"
path = "../../user/bin"

[[sections.initramfs.layers]]
kind = "cargo"
bin = "hello"
to = "/system/scarlet/bin/hello"
hash = "sha256:db39a518685da8cafa1833cc0709b0cd3fa7699dd2c1d1e4b9051ac5fd01a37e"

[sections.initramfs.layers.source]
type = "path"
path = "../../user/std-bin"

[[sections.initramfs.layers]]
kind = "cargo"
package = "user-bin"
bin = "ps"
to = "/system/scarlet/bin/ps"
hash = "sha256:bcfa9f24a500aaf550e6624c2298488be3a470622edae5bec8277422dddf8710"

[sections.initramfs.layers.source]
type = "path"
path = "../../user/bin"

[[sections.initramfs.layers]]
kind = "cargo"
package = "user-bin"
bin = "shutdown"
to = "/system/scarlet/bin/shutdown"
hash = "sha256:2740ca9c291552ad048923b1d6eda5a71b6ea9e4ed4bbafdd79b8ee4c2dd1d7d"

[sections.initramfs.layers.source]
type = "path"
path = "../../user/bin"

[[sections.initramfs.layers]]
kind = "cargo"
package = "scarlet-std-bin"
bin = "top"
to = "/system/scarlet/bin/top"
hash = "sha256:4502abc454c3060682a23464f004b05c8012a0f973364ae827a98edc11359eaf"

[sections.initramfs.layers.source]
type = "path"
path = "../../user/std-bin"

[[sections.initramfs.layers]]
kind = "cargo"
package = "user-bin"
bin = "scpm"
to = "/system/scarlet/bin/scpm"
hash = "sha256:136afb955fecea44e758e00cb3c80049dd63995f54b59d8df901c337c12b3f00"

[sections.initramfs.layers.source]
type = "path"
path = "../../user/bin"

[[sections.initramfs.layers]]
kind = "cargo"
package = "user-bin"
bin = "netcfgd"
to = "/system/scarlet/bin/netcfgd"
hash = "sha256:80dafdf49e25ddb77bff97208678d68c9bf47c31e5b4e4efb81116ee1945e4ea"

[sections.initramfs.layers.source]
type = "path"
path = "../../user/bin"

[[sections.initramfs.layers]]
kind = "cargo"
bin = "resolverd"
to = "/system/scarlet/bin/resolverd"
hash = "sha256:ee250b9b1dd61fe7c188296fc4dbc01b10687e0b7e6fde5f14fa684495b3e272"

[sections.initramfs.layers.source]
type = "path"
path = "../../user/std-bin"

[[sections.initramfs.layers]]
kind = "cargo"
bin = "ls"
to = "/system/scarlet/bin/ls"
hash = "sha256:705066d1c8a6b146943b26cbf289b8e8c30a6bf56aa589f43bed2c06386ec2bb"

[sections.initramfs.layers.source]
type = "path"
path = "../../user/std-bin"

[[sections.initramfs.layers]]
kind = "cargo"
bin = "cat"
to = "/system/scarlet/bin/cat"
hash = "sha256:9b19cbd8bb3a670ec5ee5b9b3904e9ddea5819aca9af3d4e2afeaff02c85f3e3"

[sections.initramfs.layers.source]
type = "path"
path = "../../user/std-bin"

[[sections.initramfs.layers]]
kind = "cargo"
bin = "rm"
to = "/system/scarlet/bin/rm"
hash = "sha256:6c193faeb65168eb2bd44f0560a18d370c6fe3f4b2d07aedd10f056079d812e0"

[sections.initramfs.layers.source]
type = "path"
path = "../../user/std-bin"

[[sections.initramfs.layers]]
kind = "cargo"
bin = "resolve"
to = "/system/scarlet/bin/resolve"
hash = "sha256:b06b2f9f83c38109bcaadccb08f18650670c488f74dc068a1559ffd5b371a716"

[sections.initramfs.layers.source]
type = "path"
path = "../../user/std-bin"

[[sections.initramfs.layers]]
kind = "cargo"
package = "user-bin"
bin = "ping"
to = "/system/scarlet/bin/ping"
hash = "sha256:4ef8a227050f20d3156211829da8201a827127349f6e9eacda6786c2b0733a67"

[sections.initramfs.layers.source]
type = "path"
path = "../../user/bin"

[[sections.initramfs.layers]]
kind = "cargo"
package = "user-bin"
bin = "netcfg"
to = "/system/scarlet/bin/netcfg"
hash = "sha256:c9822e56f722954b9efc221bfbfb770090f79dfe773ccfbddb647a7932f79d8a"

[sections.initramfs.layers.source]
type = "path"
path = "../../user/bin"

[[sections.initramfs.layers]]
kind = "cargo"
bin = "watch"
to = "/system/scarlet/bin/watch"
hash = "sha256:fd60207494baee14008beb02b3258860ff65ae81e93a84c0b5f8267d8094e271"

[sections.initramfs.layers.source]
type = "path"
path = "../../user/std-bin"

[[sections.initramfs.layers]]
kind = "cargo"
bin = "date"
to = "/system/scarlet/bin/date"
hash = "sha256:a2c61506b136f578b16fd0ab5293b9956885de6d76ce02bf6cfc76d11d0fd7ae"

[sections.initramfs.layers.source]
type = "path"
path = "../../user/std-bin"

[[sections.initramfs.layers]]
kind = "cargo"
package = "user-bin"
bin = "fb_test"
to = "/system/scarlet/bin/fb_test"
hash = "sha256:290a40acbd7642ff701a3fa2d8e56a3aba048564c10d7558297e70844e00eb53"

[sections.initramfs.layers.source]
type = "path"
path = "../../user/bin"

[[sections.initramfs.layers]]
kind = "cargo"
package = "user-bin"
bin = "scarlet_desktop"
to = "/system/scarlet/bin/scarlet_desktop"
hash = "sha256:da92ccf0a09db9b17e0efd1e864b1eb404e69c0b3c6f1eabe381a96e5bcdf641"

[sections.initramfs.layers.source]
type = "path"
path = "../../user/bin"

[[sections.initramfs.layers]]
kind = "cargo"
package = "user-bin"
bin = "scarlet_desktop_background"
to = "/system/scarlet/bin/scarlet_desktop_background"
hash = "sha256:721fb3bbd29ec815afa823302ea21a5828050e2ce987d30d823bb33ab3539924"

[sections.initramfs.layers.source]
type = "path"
path = "../../user/bin"

[[sections.initramfs.layers]]
kind = "cargo"
package = "user-bin"
bin = "scarlet_desktop_taskbar"
to = "/system/scarlet/bin/scarlet_desktop_taskbar"
hash = "sha256:fe9f2fd08e75b247746a2b78766c8379f7108aa2ee3ab57d4cd6ff17d6a00971"

[sections.initramfs.layers.source]
type = "path"
path = "../../user/bin"

[[sections.initramfs.layers]]
kind = "cargo"
package = "user-bin"
bin = "terminal"
to = "/system/scarlet/bin/terminal"
hash = "sha256:f5059962752aa0d937ed3c9891e3c2d556b49e1e3b044fcc7137d56135509e16"

[sections.initramfs.layers.source]
type = "path"
path = "../../user/bin"

[[sections.initramfs.layers]]
kind = "cargo"
package = "user-bin"
bin = "sws"
to = "/system/scarlet/bin/sws"
hash = "sha256:238fabc4e249c742c9082d69259bacc7f89a8743e2e25bb51693cc3cf392f8f8"

[sections.initramfs.layers.source]
type = "path"
path = "../../user/bin"

[[sections.initramfs.layers]]
kind = "cargo"
package = "user-bin"
bin = "sas"
to = "/system/scarlet/bin/sas"
hash = "sha256:2ba78aea3db74c371c0a9f93c0cdb07ccd7d2ed20c14f7090d9c6bab68e73b9c"

[sections.initramfs.layers.source]
type = "path"
path = "../../user/bin"

[[sections.initramfs.layers]]
kind = "cargo"
package = "user-bin"
bin = "ui-demo"
to = "/system/scarlet/bin/ui-demo"
hash = "sha256:c898c6ca8b56a414b897e93a864fa7aad42010fd9b0f81d7dc85211b18a14a9e"

[sections.initramfs.layers.source]
type = "path"
path = "../../user/bin"

[[sections.initramfs.layers]]
kind = "cargo"
package = "user-bin"
bin = "pdfview"
to = "/system/scarlet/bin/pdfview"
hash = "sha256:322aa8054c2b61bb8b4a533ef1e78ddfb3a5ef05b69632fc3ac96864dd0b5c5c"

[sections.initramfs.layers.source]
type = "path"
path = "../../user/bin"

[[sections.initramfs.layers]]
kind = "cargo"
package = "user-bin"
bin = "settings"
to = "/system/scarlet/bin/settings"
hash = "sha256:0cfc07fff3e27ad8faf1a4cd7fe4ef4bc55ae2d39c1e482bf542dec43c67a563"

[sections.initramfs.layers.source]
type = "path"
path = "../../user/bin"

[[sections.initramfs.layers]]
kind = "cargo"
package = "user-bin"
bin = "scarlet_skk"
to = "/system/scarlet/bin/scarlet_skk"
hash = "sha256:0816ef5491391697aa50cf585793acb6a7884788073765167fc78bd069e11105"

[sections.initramfs.layers.source]
type = "path"
path = "../../user/bin"

[[sections.initramfs.layers]]
kind = "script"
to = "/system/scarlet/share/skk/SKK-JISYO.L"
output = "../../bundles/desktop/.scarlet/cache/skk/SKK-JISYO.L"
hash = "sha256:cb3638df4cf621359db4e5aca385deae3cd0e681540da1c788d004374d261a42"

[sections.initramfs.layers.source]
type = "path"
path = "../../bundles/desktop/tools/fetch_skk_dictionary.sh"

[[sections.initramfs.layers]]
kind = "cargo"
package = "user-bin"
bin = "wayland_bridge"
to = "/system/scarlet/bin/wayland_bridge"
hash = "sha256:34a69bc04e17a327fa01e7c2317721a15a52f450d3c65fd9c9997d8b17919d54"

[sections.initramfs.layers.source]
type = "path"
path = "../../user/bin"

[[sections.initramfs.layers]]
kind = "cargo"
bin = "ansi_banner"
to = "/system/scarlet/bin/ansi_banner"
hash = "sha256:e587be675ff2ddd001ebd06cb89cd92eaae66d7779c0ca1707be5cfe4450a05b"

[sections.initramfs.layers.source]
type = "path"
path = "../../user/std-bin"

[[sections.initramfs.layers]]
kind = "cargo"
bin = "video_player"
to = "/system/scarlet/bin/video_player"
hash = "sha256:0a52d21fddd694389296647019ac29fa075390d18f73f347e44398f948226b5f"

[sections.initramfs.layers.source]
type = "path"
path = "../../user/bin"

[[sections.initramfs.layers]]
kind = "cargo"
package = "user-bin"
bin = "gpu_probe"
to = "/system/scarlet/bin/gpu_probe"
hash = "sha256:900118265493861fe9b4d70a648303418a172053fd9551ef1386c6f71490462e"

[sections.initramfs.layers.source]
type = "path"
path = "../../user/bin"

[[sections.initramfs.layers]]
kind = "cargo"
bin = "httpd"
to = "/system/scarlet/bin/httpd"
hash = "sha256:0f1211f0338aeebbb67a9e66b01e96b654b2b9def35881149c91d55cc91e1205"

[sections.initramfs.layers.source]
type = "path"
path = "../../user/std-bin"

[[sections.initramfs.layers]]
kind = "cargo"
package = "user-bin"
bin = "ushv"
to = "/system/scarlet/bin/ushv"
hash = "sha256:37fcbdc6455060cbf4e5028e06ab1f756442448e50060a896164affa66fbc2ca"

[sections.initramfs.layers.source]
type = "path"
path = "../../user/bin"

[[sections.initramfs.layers]]
kind = "cargo"
bin = "lsm_list"
to = "/system/scarlet/bin/lsm_list"
hash = "sha256:f52b5168bd55d0c9c49a6b6e6348180e6e72ef7e72f671c58b4319265f98ef3d"

[sections.initramfs.layers.source]
type = "path"
path = "../../user/std-bin"

[[sections.initramfs.layers]]
kind = "cargo"
bin = "clock"
to = "/system/scarlet/bin/clock"
hash = "sha256:161d76d60f0f191a149a2109a609332e8c4170e8f5e97038ef253a2793badaf8"

[sections.initramfs.layers.source]
type = "path"
path = "../../user/std-bin"

[[sections.initramfs.layers]]
kind = "cargo"
bin = "lsm_load"
to = "/system/scarlet/bin/lsm_load"
hash = "sha256:2d613e216683980e88c5c1b49bb33016b15474b5a7d4b655016731504b553728"

[sections.initramfs.layers.source]
type = "path"
path = "../../user/std-bin"

[[sections.initramfs.layers]]
kind = "cargo"
bin = "lsm_unload"
to = "/system/scarlet/bin/lsm_unload"
hash = "sha256:afbbbd41406892a854f5da970bc328089154fd1122be3f0a43a10fd4cf78077a"

[sections.initramfs.layers.source]
type = "path"
path = "../../user/std-bin"

[[sections.initramfs.layers]]
kind = "cargo"
bin = "input_dump"
to = "/system/scarlet/bin/input_dump"
hash = "sha256:2c50ea36198b19c47d82096f7b3a46558d11b4e7bc0d492ab5c85e426de3c338"

[sections.initramfs.layers.source]
type = "path"
path = "../../user/std-bin"

[[sections.initramfs.layers]]
kind = "cargo"
bin = "mozc_server"
to = "/system/scarlet/bin/mozc_server"
hash = "sha256:6531ffb8ed6f086fa7c4630ba9f321550cd8243d078871f27b11cc6895cb3398"

[sections.initramfs.layers.source]
type = "path"
path = "../../user/bin"

[[sections.initramfs.layers]]
kind = "cargo"
package = "user-bin"
bin = "scarlet_mozc"
to = "/system/scarlet/bin/scarlet_mozc"
hash = "sha256:17414381e2f4901ee126898399f2bc28cd316b0099b13a09eb75d07be8ed9e09"

[sections.initramfs.layers.source]
type = "path"
path = "../../user/bin"
