# Generated by cargo-scarlet — do not edit

[sections.boot]
hash = "sha256:4f903a5f0f9c88d82761b435dd5e24d865795e16be37ad75b8f8b039383ed4f6"
layers = []

[sections.initramfs]
hash = "sha256:b60aaa91ab56a698ce93faa4e19030636867f5b313535df790189d87d05ef7f2"

[[sections.initramfs.layers]]
kind = "cargo"
package = "user-bin"
bin = "init"
to = "/system/scarlet/bin/init"
hash = "sha256:ec69620ddd94e1fccc1e0e0152f15dface0a57356a23d23c2c01e42a73395f17"

[sections.initramfs.layers.source]
type = "path"
path = "../../user/bin"

[[sections.initramfs.layers]]
kind = "cargo"
package = "user-bin"
bin = "sh"
to = "/system/scarlet/bin/sh"
hash = "sha256:24c843b95a0531d2b76da6bd3d66dd7d6105a9663b502ee4919661b916d8d106"

[sections.initramfs.layers.source]
type = "path"
path = "../../user/bin"

[[sections.initramfs.layers]]
kind = "cargo"
package = "user-bin"
bin = "login"
to = "/system/scarlet/bin/login"
hash = "sha256:5c46fb09f5c31cd4d27d0b29e5487543a42b34ce5cfb9601794b1d1b6fe9bccb"

[sections.initramfs.layers.source]
type = "path"
path = "../../user/bin"

[[sections.initramfs.layers]]
kind = "cargo"
package = "user-bin"
bin = "stemd"
to = "/system/scarlet/bin/stemd"
hash = "sha256:380154f19d1bbc2355ca26fd9b16b9f73798979197b8a2ba5477ddd33bcebadf"

[sections.initramfs.layers.source]
type = "path"
path = "../../user/bin"

[[sections.initramfs.layers]]
kind = "cargo"
package = "user-bin"
bin = "sbusd"
to = "/system/scarlet/bin/sbusd"
hash = "sha256:03473429f0e39e2f997c4969b1d41e73da01ecb1447090574b0d6d73d34e230e"

[sections.initramfs.layers.source]
type = "path"
path = "../../user/bin"

[[sections.initramfs.layers]]
kind = "cargo"
bin = "hello"
to = "/system/scarlet/bin/hello"
hash = "sha256:bce5dd1d7d455d83a046ae4d33b7975603c5ef0c11e3eaf9b7b30bb7a37e68af"

[sections.initramfs.layers.source]
type = "path"
path = "../../user/std-bin"

[[sections.initramfs.layers]]
kind = "cargo"
package = "user-bin"
bin = "ps"
to = "/system/scarlet/bin/ps"
hash = "sha256:71d8231574135ee369db2ca91a6e79edac8bce6d595d6f2306ea52859d890a98"

[sections.initramfs.layers.source]
type = "path"
path = "../../user/bin"

[[sections.initramfs.layers]]
kind = "cargo"
package = "user-bin"
bin = "shutdown"
to = "/system/scarlet/bin/shutdown"
hash = "sha256:e89611673daad62f76c26a6f64a48f3fc701118fac6f1f9588c5b7e64c8c24b8"

[sections.initramfs.layers.source]
type = "path"
path = "../../user/bin"

[[sections.initramfs.layers]]
kind = "cargo"
package = "scarlet-std-bin"
bin = "top"
to = "/system/scarlet/bin/top"
hash = "sha256:027484e078497828aadbe4c45db4b9599cbfe99cfb8d1ad7f33e98c67777b163"

[sections.initramfs.layers.source]
type = "path"
path = "../../user/std-bin"

[[sections.initramfs.layers]]
kind = "cargo"
package = "user-bin"
bin = "scpm"
to = "/system/scarlet/bin/scpm"
hash = "sha256:af9dccf39f09d9510f20ddd82e1b20701e956ab40fea0b00999d08c90c597472"

[sections.initramfs.layers.source]
type = "path"
path = "../../user/bin"

[[sections.initramfs.layers]]
kind = "cargo"
package = "user-bin"
bin = "netcfgd"
to = "/system/scarlet/bin/netcfgd"
hash = "sha256:6d74185f996088204ffcf3c3fee0fbb46d7e9dfbe05fc184dcc4f82a55960c2c"

[sections.initramfs.layers.source]
type = "path"
path = "../../user/bin"

[[sections.initramfs.layers]]
kind = "cargo"
bin = "resolverd"
to = "/system/scarlet/bin/resolverd"
hash = "sha256:008a0d2275cca0786804fa148326f11a11400169b11e6caa148692c3b4c3903c"

[sections.initramfs.layers.source]
type = "path"
path = "../../user/std-bin"

[[sections.initramfs.layers]]
kind = "cargo"
bin = "ls"
to = "/system/scarlet/bin/ls"
hash = "sha256:dcb1f5881085c6ba614dffd294d90ebeba4e0bb8ef053307348f59121cc5df07"

[sections.initramfs.layers.source]
type = "path"
path = "../../user/std-bin"

[[sections.initramfs.layers]]
kind = "cargo"
bin = "cat"
to = "/system/scarlet/bin/cat"
hash = "sha256:86778e95bee310e9c6acac0893575b91a5883ba59cd610ef06ef3bc9836929f3"

[sections.initramfs.layers.source]
type = "path"
path = "../../user/std-bin"

[[sections.initramfs.layers]]
kind = "cargo"
bin = "rm"
to = "/system/scarlet/bin/rm"
hash = "sha256:8a270d80c5d98ede13d59b39dfbdea20b9b2e4dba4dcebf28637f71ee619b888"

[sections.initramfs.layers.source]
type = "path"
path = "../../user/std-bin"

[[sections.initramfs.layers]]
kind = "cargo"
bin = "resolve"
to = "/system/scarlet/bin/resolve"
hash = "sha256:aec949b963817e1a480614e5e2debddbe0c98915c5dd36148b3313011ddf32a8"

[sections.initramfs.layers.source]
type = "path"
path = "../../user/std-bin"

[[sections.initramfs.layers]]
kind = "cargo"
package = "user-bin"
bin = "ping"
to = "/system/scarlet/bin/ping"
hash = "sha256:a6e9222dfa15f671a5142dbc0ba710caf4bad3959c350341ca0150c3c2b6e79e"

[sections.initramfs.layers.source]
type = "path"
path = "../../user/bin"

[[sections.initramfs.layers]]
kind = "cargo"
package = "user-bin"
bin = "netcfg"
to = "/system/scarlet/bin/netcfg"
hash = "sha256:c3fb28f42870f4aae23bb964cbc6c2a19af9d88fc777e004031f8a4722b63a25"

[sections.initramfs.layers.source]
type = "path"
path = "../../user/bin"

[[sections.initramfs.layers]]
kind = "cargo"
bin = "watch"
to = "/system/scarlet/bin/watch"
hash = "sha256:55bf4b3f32c7b4de2e62151881ab828f7deccebea51ef8b49837dbcbbf94621e"

[sections.initramfs.layers.source]
type = "path"
path = "../../user/std-bin"

[[sections.initramfs.layers]]
kind = "cargo"
bin = "date"
to = "/system/scarlet/bin/date"
hash = "sha256:9d610c28a144e275f27d5a71ac74d091e080d796097883985316c8c30ac768b4"

[sections.initramfs.layers.source]
type = "path"
path = "../../user/std-bin"

[[sections.initramfs.layers]]
kind = "cargo"
package = "user-bin"
bin = "fb_test"
to = "/system/scarlet/bin/fb_test"
hash = "sha256:e21534538a65e5db5c54c05aebbba15d4160df5ead64f53b4231ee8c2a71bdf8"

[sections.initramfs.layers.source]
type = "path"
path = "../../user/bin"

[[sections.initramfs.layers]]
kind = "cargo"
package = "user-bin"
bin = "sws"
to = "/system/scarlet/bin/sws"
hash = "sha256:8f531ccbf9eaea7e18e6d9d3764659c24bf8a5fc4f3fc3a2b4b73da7a1062dd3"

[sections.initramfs.layers.source]
type = "path"
path = "../../user/bin"

[[sections.initramfs.layers]]
kind = "cargo"
package = "user-bin"
bin = "scarlet_desktop"
to = "/system/scarlet/bin/scarlet_desktop"
hash = "sha256:a27a1483f9eb108f66ae812baab391076598a61c0ae66f423c6f69aba3fe42b0"

[sections.initramfs.layers.source]
type = "path"
path = "../../user/bin"

[[sections.initramfs.layers]]
kind = "cargo"
package = "user-bin"
bin = "scarlet_desktop_background"
to = "/system/scarlet/bin/scarlet_desktop_background"
hash = "sha256:633c087e97ac8a88c04711c9bf5531e6f9ad285aa65c3051fbe91758f302ae38"

[sections.initramfs.layers.source]
type = "path"
path = "../../user/bin"

[[sections.initramfs.layers]]
kind = "cargo"
package = "user-bin"
bin = "scarlet_desktop_taskbar"
to = "/system/scarlet/bin/scarlet_desktop_taskbar"
hash = "sha256:754a410aa4f1f5cdb756c34cfe24b3e080a2dd281042cac4f0be861ef71d1a80"

[sections.initramfs.layers.source]
type = "path"
path = "../../user/bin"

[[sections.initramfs.layers]]
kind = "cargo"
package = "user-bin"
bin = "terminal"
to = "/system/scarlet/bin/terminal"
hash = "sha256:01f73cd0994cd2fdaca48ee49482d6dc3652c0160a7c4fef625bd3358ec491b6"

[sections.initramfs.layers.source]
type = "path"
path = "../../user/bin"
