# Generated by cargo-scarlet — do not edit

[sections.boot]
hash = "sha256:e7063a6822b2d270c1f492c121fe51ce5d8193aaf956712cd6e19bf5ee84cb0a"
layers = []

[sections.initramfs]
hash = "sha256:604877694aa028b94d89a4e69eaffc74bea103886809ebd91ac4181299a20a28"

[[sections.initramfs.layers]]
kind = "cargo"
package = "user-bin"
bin = "init"
to = "/system/scarlet/bin/init"
hash = "sha256:92532c97e724d9d40230933bc3f4508b21c6775656051edeee3da6e339800ebd"

[sections.initramfs.layers.source]
type = "path"
path = ".scarlet/cache/git/3a6ec0c32bdfd41b/user/bin"

[[sections.initramfs.layers]]
kind = "cargo"
package = "user-bin"
bin = "sh"
to = "/system/scarlet/bin/sh"
hash = "sha256:5e3eceb3498d348a14d2c578fc76047234a8feec35dc81797f65c0e16e1fc3e9"

[sections.initramfs.layers.source]
type = "path"
path = ".scarlet/cache/git/3a6ec0c32bdfd41b/user/bin"

[[sections.initramfs.layers]]
kind = "cargo"
package = "user-bin"
bin = "login"
to = "/system/scarlet/bin/login"
hash = "sha256:3e85c7e729770e26f5770ef1940c75c399fb3872d65c45b28b0ef7814f2a4fd0"

[sections.initramfs.layers.source]
type = "path"
path = ".scarlet/cache/git/3a6ec0c32bdfd41b/user/bin"

[[sections.initramfs.layers]]
kind = "cargo"
package = "user-bin"
bin = "stemd"
to = "/system/scarlet/bin/stemd"
hash = "sha256:cd553cd5952b5bb6f296c7ab7ac486bb2744648fb7283aece92bf0aa966c2ceb"

[sections.initramfs.layers.source]
type = "path"
path = ".scarlet/cache/git/3a6ec0c32bdfd41b/user/bin"

[[sections.initramfs.layers]]
kind = "cargo"
package = "user-bin"
bin = "sbusd"
to = "/system/scarlet/bin/sbusd"
hash = "sha256:bff776f49b2b8d0d040a91c81e28cdc1e711787d23487a6177f8fcae9c3fdf52"

[sections.initramfs.layers.source]
type = "path"
path = ".scarlet/cache/git/3a6ec0c32bdfd41b/user/bin"

[[sections.initramfs.layers]]
kind = "cargo"
bin = "hello"
to = "/system/scarlet/bin/hello"
hash = "sha256:f69b4fc8e4d764df75f41941a5794751cc22540d1515d9667447005c9d594aff"

[sections.initramfs.layers.source]
type = "path"
path = ".scarlet/cache/git/3a6ec0c32bdfd41b/user/std-bin"

[[sections.initramfs.layers]]
kind = "cargo"
package = "user-bin"
bin = "ps"
to = "/system/scarlet/bin/ps"
hash = "sha256:4e351c5001be3a2c233e90d88d68db2ac9f044cd087588d4adfe70e29f89ec95"

[sections.initramfs.layers.source]
type = "path"
path = ".scarlet/cache/git/3a6ec0c32bdfd41b/user/bin"

[[sections.initramfs.layers]]
kind = "cargo"
package = "user-bin"
bin = "shutdown"
to = "/system/scarlet/bin/shutdown"
hash = "sha256:22042a29052c9b0e01623f77bba700d3a31f11fe4c0f3216ec7fcd68b90a7131"

[sections.initramfs.layers.source]
type = "path"
path = ".scarlet/cache/git/3a6ec0c32bdfd41b/user/bin"

[[sections.initramfs.layers]]
kind = "cargo"
package = "scarlet-std-bin"
bin = "top"
to = "/system/scarlet/bin/top"
hash = "sha256:3b67c84fa9a80614823d37406aed60de1217ed6e2ccbc9138de8c2c3b2bbd6e0"

[sections.initramfs.layers.source]
type = "path"
path = ".scarlet/cache/git/3a6ec0c32bdfd41b/user/std-bin"

[[sections.initramfs.layers]]
kind = "cargo"
package = "user-bin"
bin = "scpm"
to = "/system/scarlet/bin/scpm"
hash = "sha256:876b3e5a9d36231e386d7a7a77d2a7b075f6b52bee1e513e4975f08dfb06d901"

[sections.initramfs.layers.source]
type = "path"
path = ".scarlet/cache/git/3a6ec0c32bdfd41b/user/bin"

[[sections.initramfs.layers]]
kind = "cargo"
package = "user-bin"
bin = "netcfgd"
to = "/system/scarlet/bin/netcfgd"
hash = "sha256:6720cbf3d014a56878eefa1c51c17f61e400f68abf17d15e625510497b350689"

[sections.initramfs.layers.source]
type = "path"
path = ".scarlet/cache/git/3a6ec0c32bdfd41b/user/bin"

[[sections.initramfs.layers]]
kind = "cargo"
bin = "resolverd"
to = "/system/scarlet/bin/resolverd"
hash = "sha256:d856efcd8157c583303ff2250e537fcc011b2c44f6eb8f4ff21792e4607e1d27"

[sections.initramfs.layers.source]
type = "path"
path = ".scarlet/cache/git/3a6ec0c32bdfd41b/user/std-bin"

[[sections.initramfs.layers]]
kind = "cargo"
bin = "ls"
to = "/system/scarlet/bin/ls"
hash = "sha256:9b10d889ed6d5f1cb92ff52f7a80d99e663e430701846e2d56fe2d310c4dc915"

[sections.initramfs.layers.source]
type = "path"
path = ".scarlet/cache/git/3a6ec0c32bdfd41b/user/std-bin"

[[sections.initramfs.layers]]
kind = "cargo"
bin = "cat"
to = "/system/scarlet/bin/cat"
hash = "sha256:c5095e086d35ab6c63061c00cf774cdc06b97f1b498049bd386e1962b611f927"

[sections.initramfs.layers.source]
type = "path"
path = ".scarlet/cache/git/3a6ec0c32bdfd41b/user/std-bin"

[[sections.initramfs.layers]]
kind = "cargo"
bin = "rm"
to = "/system/scarlet/bin/rm"
hash = "sha256:a2cb91eb53bc550fedfda639f08b23b4345efdf789a4bfd551fb9e19164c6658"

[sections.initramfs.layers.source]
type = "path"
path = ".scarlet/cache/git/3a6ec0c32bdfd41b/user/std-bin"

[[sections.initramfs.layers]]
kind = "cargo"
bin = "resolve"
to = "/system/scarlet/bin/resolve"
hash = "sha256:0ba66705aac5d0f518f05e74754790f82aa1b5f8a7e7a03fb0186d06d3eb537d"

[sections.initramfs.layers.source]
type = "path"
path = ".scarlet/cache/git/3a6ec0c32bdfd41b/user/std-bin"

[[sections.initramfs.layers]]
kind = "cargo"
package = "user-bin"
bin = "ping"
to = "/system/scarlet/bin/ping"
hash = "sha256:05f040c9921c8822ce15b406028db83d70289f269dacb2f4e1689d30a1d5e732"

[sections.initramfs.layers.source]
type = "path"
path = ".scarlet/cache/git/3a6ec0c32bdfd41b/user/bin"

[[sections.initramfs.layers]]
kind = "cargo"
package = "user-bin"
bin = "netcfg"
to = "/system/scarlet/bin/netcfg"
hash = "sha256:f33908c52c1dd7ac9604c2995d6f05251d8077a7e3e92eb634d435d86b4cc58c"

[sections.initramfs.layers.source]
type = "path"
path = ".scarlet/cache/git/3a6ec0c32bdfd41b/user/bin"

[[sections.initramfs.layers]]
kind = "cargo"
bin = "watch"
to = "/system/scarlet/bin/watch"
hash = "sha256:ba6b98f313d0f0fe6d21508d9ae4434389c77780f087cc5054533c4303bc2a40"

[sections.initramfs.layers.source]
type = "path"
path = ".scarlet/cache/git/3a6ec0c32bdfd41b/user/std-bin"

[[sections.initramfs.layers]]
kind = "cargo"
bin = "date"
to = "/system/scarlet/bin/date"
hash = "sha256:2310f21f6729021e61f604401e2e6b5f1355b42a5eb22ed76c770994c6403a2a"

[sections.initramfs.layers.source]
type = "path"
path = ".scarlet/cache/git/3a6ec0c32bdfd41b/user/std-bin"

[[sections.initramfs.layers]]
kind = "cargo"
package = "user-bin"
bin = "fb_test"
to = "/system/scarlet/bin/fb_test"
hash = "sha256:69c2b6ad78413693581f70cd363a379496d68b19ab6d16ae17d34b04c3e5374c"

[sections.initramfs.layers.source]
type = "path"
path = ".scarlet/cache/git/3a6ec0c32bdfd41b/user/bin"

[[sections.initramfs.layers]]
kind = "cargo"
package = "user-bin"
bin = "scarlet_desktop"
to = "/system/scarlet/bin/scarlet_desktop"
hash = "sha256:f40644ac503c44ec1478679cbf338c33fbed720ce4ed6bb1959ec7e6566121a9"

[sections.initramfs.layers.source]
type = "path"
path = ".scarlet/cache/git/3a6ec0c32bdfd41b/user/bin"

[[sections.initramfs.layers]]
kind = "cargo"
package = "user-bin"
bin = "scarlet_desktop_background"
to = "/system/scarlet/bin/scarlet_desktop_background"
hash = "sha256:a96dd4ad687b64893e6f529590df52f1875b4702f59a96efb1649999693a9d43"

[sections.initramfs.layers.source]
type = "path"
path = ".scarlet/cache/git/3a6ec0c32bdfd41b/user/bin"

[[sections.initramfs.layers]]
kind = "cargo"
package = "user-bin"
bin = "scarlet_desktop_taskbar"
to = "/system/scarlet/bin/scarlet_desktop_taskbar"
hash = "sha256:c92380d7ee331d3775176f79415b38bf503cb4cce00aee87bce39efe29a52a76"

[sections.initramfs.layers.source]
type = "path"
path = ".scarlet/cache/git/3a6ec0c32bdfd41b/user/bin"

[[sections.initramfs.layers]]
kind = "cargo"
package = "user-bin"
bin = "terminal"
to = "/system/scarlet/bin/terminal"
hash = "sha256:97ed2bf4087aacf0d8bf5af364154708c0baaf2c6c86b59dd6cec01e425e9855"

[sections.initramfs.layers.source]
type = "path"
path = ".scarlet/cache/git/3a6ec0c32bdfd41b/user/bin"

[[sections.initramfs.layers]]
kind = "cargo"
package = "user-bin"
bin = "sws"
to = "/system/scarlet/bin/sws"
hash = "sha256:74944455ffe01539c6a9893f4b4e83757639a221d158644d606e0b8fa1bb03b7"

[sections.initramfs.layers.source]
type = "path"
path = ".scarlet/cache/git/3a6ec0c32bdfd41b/user/bin"

[[sections.initramfs.layers]]
kind = "cargo"
package = "user-bin"
bin = "sas"
to = "/system/scarlet/bin/sas"
hash = "sha256:f1b9cb16427a9abdc6445d0831fb78733264e23cc6c031ed319aa445c8718c38"

[sections.initramfs.layers.source]
type = "path"
path = ".scarlet/cache/git/3a6ec0c32bdfd41b/user/bin"

[[sections.initramfs.layers]]
kind = "cargo"
bin = "sasctl"
to = "/system/scarlet/bin/sasctl"
hash = "sha256:fcabf4cc158f7bd2a907c25245f906d916507085a5cab86a214c6ccd54d2b912"

[sections.initramfs.layers.source]
type = "path"
path = ".scarlet/cache/git/3a6ec0c32bdfd41b/user/std-bin"

[[sections.initramfs.layers]]
kind = "cargo"
package = "user-bin"
bin = "mplayer"
to = "/system/scarlet/bin/mplayer"
hash = "sha256:cf8effd69b712c37c98be621556efc19beeec7dc49873bed1da145fae5cfa77a"

[sections.initramfs.layers.source]
type = "path"
path = ".scarlet/cache/git/3a6ec0c32bdfd41b/user/bin"

[[sections.initramfs.layers]]
kind = "cargo"
package = "user-bin"
bin = "ui-demo"
to = "/system/scarlet/bin/ui-demo"
hash = "sha256:ffcbdda8f8ccad3602baa31d25677bcca01c49526f0f67ff3ee8ec84b00e501c"

[sections.initramfs.layers.source]
type = "path"
path = ".scarlet/cache/git/3a6ec0c32bdfd41b/user/bin"

[[sections.initramfs.layers]]
kind = "cargo"
package = "user-bin"
bin = "pdfview"
to = "/system/scarlet/bin/pdfview"
hash = "sha256:975c05b6367b33edf83ee9c98be881ee0930d8f76ba4410b7ba678042dc9f1e2"

[sections.initramfs.layers.source]
type = "path"
path = ".scarlet/cache/git/3a6ec0c32bdfd41b/user/bin"

[[sections.initramfs.layers]]
kind = "cargo"
package = "user-bin"
bin = "settings"
to = "/system/scarlet/bin/settings"
hash = "sha256:f6b3a91eb6a7258c98624e078856841fc744a61a1eead8291d4da1f12b427684"

[sections.initramfs.layers.source]
type = "path"
path = ".scarlet/cache/git/3a6ec0c32bdfd41b/user/bin"

[[sections.initramfs.layers]]
kind = "cargo"
bin = "task_manager"
to = "/system/scarlet/bin/task_manager"
hash = "sha256:a565c7b1a9f7755979c852432042762e17239838965699e0f7ba3d4ea82d67b1"

[sections.initramfs.layers.source]
type = "path"
path = ".scarlet/cache/git/3a6ec0c32bdfd41b/user/std-bin"

[[sections.initramfs.layers]]
kind = "cargo"
package = "user-bin"
bin = "scarlet_skk"
to = "/system/scarlet/bin/scarlet_skk"
hash = "sha256:09d11b77ad6f56c45fb392b9889ec707f3e16efac1f273142fe47163416c5801"

[sections.initramfs.layers.source]
type = "path"
path = ".scarlet/cache/git/3a6ec0c32bdfd41b/user/bin"

[[sections.initramfs.layers]]
kind = "script"
to = "/system/scarlet/share/skk/SKK-JISYO.L"
output = ".scarlet/cache/git/3a6ec0c32bdfd41b/bundles/desktop/.scarlet/cache/skk/SKK-JISYO.L"
hash = "sha256:cb3638df4cf621359db4e5aca385deae3cd0e681540da1c788d004374d261a42"

[sections.initramfs.layers.source]
type = "path"
path = ".scarlet/cache/git/3a6ec0c32bdfd41b/bundles/desktop/tools/fetch_skk_dictionary.sh"

[[sections.initramfs.layers]]
kind = "cargo"
package = "user-bin"
bin = "wayland_bridge"
to = "/system/scarlet/bin/wayland_bridge"
hash = "sha256:0791767a182ec9ba7db1918e514aa59366ec9be4c40b03520f86150b244f010c"

[sections.initramfs.layers.source]
type = "path"
path = ".scarlet/cache/git/3a6ec0c32bdfd41b/user/bin"

[[sections.initramfs.layers]]
kind = "cargo"
bin = "ansi_banner"
to = "/system/scarlet/bin/ansi_banner"
hash = "sha256:90e02d877e8234522afe7398de6b19932c05a600c1a24ac78a8fe5f7b2052eb5"

[sections.initramfs.layers.source]
type = "path"
path = ".scarlet/cache/git/3a6ec0c32bdfd41b/user/std-bin"

[[sections.initramfs.layers]]
kind = "cargo"
package = "video_player"
bin = "video_player"
features = [
    "av1-stateful-hw",
    "h264-stateful-hw",
    "mp4-aac",
]
default-features = false
to = "/system/scarlet/bin/video_player"
hash = "sha256:b34834b84f155591bb9f4af5f2a0ec90bc27e62aeda9001996b4cf8c270f753c"

[sections.initramfs.layers.source]
type = "path"
path = ".scarlet/cache/git/3a6ec0c32bdfd41b/user/video_player"

[[sections.initramfs.layers]]
kind = "cargo"
package = "user-bin"
bin = "gpu_probe"
to = "/system/scarlet/bin/gpu_probe"
hash = "sha256:f959d26b30873d4b373df20455dbc86448fe6a716d9ad22f6021da5578190457"

[sections.initramfs.layers.source]
type = "path"
path = ".scarlet/cache/git/3a6ec0c32bdfd41b/user/bin"

[[sections.initramfs.layers]]
kind = "cargo"
bin = "httpd"
to = "/system/scarlet/bin/httpd"
hash = "sha256:26bf32677396eb5d813b8d1bf041b63c8a7cf4ab9034b15a2f0f28cacaeb7f21"

[sections.initramfs.layers.source]
type = "path"
path = ".scarlet/cache/git/3a6ec0c32bdfd41b/user/std-bin"

[[sections.initramfs.layers]]
kind = "cargo"
package = "user-bin"
bin = "ushv"
to = "/system/scarlet/bin/ushv"
hash = "sha256:f0d56ab86976a607dd7e0979df9d695b26a25ded77d7122d907b2556831cf4ec"

[sections.initramfs.layers.source]
type = "path"
path = ".scarlet/cache/git/3a6ec0c32bdfd41b/user/bin"

[[sections.initramfs.layers]]
kind = "cargo"
bin = "lsm_list"
to = "/system/scarlet/bin/lsm_list"
hash = "sha256:955c74b98e3196a68cee3b5a7e1527d956f8aea9a71eb14dd5a99500a2588d1f"

[sections.initramfs.layers.source]
type = "path"
path = ".scarlet/cache/git/3a6ec0c32bdfd41b/user/std-bin"

[[sections.initramfs.layers]]
kind = "cargo"
bin = "clock"
to = "/system/scarlet/bin/clock"
hash = "sha256:d076c322f79f2058b1f837d9e2ef2209abb49c7c748d6146f606c8d629c36c55"

[sections.initramfs.layers.source]
type = "path"
path = ".scarlet/cache/git/3a6ec0c32bdfd41b/user/std-bin"

[[sections.initramfs.layers]]
kind = "cargo"
bin = "lsm_load"
to = "/system/scarlet/bin/lsm_load"
hash = "sha256:d9f29b9343a7e12489123ccd13303da19e0c75581b323ad11e4c88e7917532ad"

[sections.initramfs.layers.source]
type = "path"
path = ".scarlet/cache/git/3a6ec0c32bdfd41b/user/std-bin"

[[sections.initramfs.layers]]
kind = "cargo"
bin = "lsm_unload"
to = "/system/scarlet/bin/lsm_unload"
hash = "sha256:42970a4838c4761e8244707081e10eb3608e83eabe4dfceaacc0f6d0d603f11f"

[sections.initramfs.layers.source]
type = "path"
path = ".scarlet/cache/git/3a6ec0c32bdfd41b/user/std-bin"

[[sections.initramfs.layers]]
kind = "cargo"
bin = "input_dump"
to = "/system/scarlet/bin/input_dump"
hash = "sha256:78f38f211f953bd0df133643ef4e5ab49d92bd683d988a3d737ce0fd93ebd4aa"

[sections.initramfs.layers.source]
type = "path"
path = ".scarlet/cache/git/3a6ec0c32bdfd41b/user/std-bin"

[[sections.initramfs.layers]]
kind = "cargo"
bin = "mozc_server"
to = "/system/scarlet/bin/mozc_server"
hash = "sha256:0ae0eeebdd640840cd9eea863509a6449aa91821e82e939fa8f2d2d9ad7fa4ec"

[sections.initramfs.layers.source]
type = "path"
path = ".scarlet/cache/git/3a6ec0c32bdfd41b/user/bin"

[[sections.initramfs.layers]]
kind = "cargo"
package = "user-bin"
bin = "scarlet_mozc"
to = "/system/scarlet/bin/scarlet_mozc"
hash = "sha256:09033774d43c2dee5c0e2d6aa171a7673d8183123bab96239b05db4bb9ea4fe0"

[sections.initramfs.layers.source]
type = "path"
path = ".scarlet/cache/git/3a6ec0c32bdfd41b/user/bin"

[[sections.initramfs.layers]]
kind = "cargo"
package = "user-bin"
bin = "dcp_flip_test"
to = "/system/scarlet/bin/dcp_flip_test"
hash = "sha256:446dac6d4abc91fa5707932b34848c38cc9debf79e159aef7a2165d2cf0fb679"

[sections.initramfs.layers.source]
type = "path"
path = ".scarlet/cache/git/3a6ec0c32bdfd41b/user/bin"

[sections.rootfs]
hash = "sha256:0992d6d118ab052fca9ea554494281cb5daa72ffeaae7e35dd8395c0626d4ea1"

[[sections.rootfs.layers]]
kind = "cargo"
package = "user-bin"
bin = "init"
to = "/system/scarlet/bin/init"
hash = "sha256:92532c97e724d9d40230933bc3f4508b21c6775656051edeee3da6e339800ebd"

[sections.rootfs.layers.source]
type = "path"
path = ".scarlet/cache/git/3a6ec0c32bdfd41b/user/bin"

[[sections.rootfs.layers]]
kind = "cargo"
package = "user-bin"
bin = "sh"
to = "/system/scarlet/bin/sh"
hash = "sha256:5e3eceb3498d348a14d2c578fc76047234a8feec35dc81797f65c0e16e1fc3e9"

[sections.rootfs.layers.source]
type = "path"
path = ".scarlet/cache/git/3a6ec0c32bdfd41b/user/bin"

[[sections.rootfs.layers]]
kind = "cargo"
package = "user-bin"
bin = "login"
to = "/system/scarlet/bin/login"
hash = "sha256:3e85c7e729770e26f5770ef1940c75c399fb3872d65c45b28b0ef7814f2a4fd0"

[sections.rootfs.layers.source]
type = "path"
path = ".scarlet/cache/git/3a6ec0c32bdfd41b/user/bin"

[[sections.rootfs.layers]]
kind = "cargo"
package = "user-bin"
bin = "stemd"
to = "/system/scarlet/bin/stemd"
hash = "sha256:cd553cd5952b5bb6f296c7ab7ac486bb2744648fb7283aece92bf0aa966c2ceb"

[sections.rootfs.layers.source]
type = "path"
path = ".scarlet/cache/git/3a6ec0c32bdfd41b/user/bin"

[[sections.rootfs.layers]]
kind = "cargo"
package = "user-bin"
bin = "sbusd"
to = "/system/scarlet/bin/sbusd"
hash = "sha256:bff776f49b2b8d0d040a91c81e28cdc1e711787d23487a6177f8fcae9c3fdf52"

[sections.rootfs.layers.source]
type = "path"
path = ".scarlet/cache/git/3a6ec0c32bdfd41b/user/bin"

[[sections.rootfs.layers]]
kind = "cargo"
bin = "hello"
to = "/system/scarlet/bin/hello"
hash = "sha256:f69b4fc8e4d764df75f41941a5794751cc22540d1515d9667447005c9d594aff"

[sections.rootfs.layers.source]
type = "path"
path = ".scarlet/cache/git/3a6ec0c32bdfd41b/user/std-bin"

[[sections.rootfs.layers]]
kind = "cargo"
package = "user-bin"
bin = "ps"
to = "/system/scarlet/bin/ps"
hash = "sha256:4e351c5001be3a2c233e90d88d68db2ac9f044cd087588d4adfe70e29f89ec95"

[sections.rootfs.layers.source]
type = "path"
path = ".scarlet/cache/git/3a6ec0c32bdfd41b/user/bin"

[[sections.rootfs.layers]]
kind = "cargo"
package = "user-bin"
bin = "shutdown"
to = "/system/scarlet/bin/shutdown"
hash = "sha256:22042a29052c9b0e01623f77bba700d3a31f11fe4c0f3216ec7fcd68b90a7131"

[sections.rootfs.layers.source]
type = "path"
path = ".scarlet/cache/git/3a6ec0c32bdfd41b/user/bin"

[[sections.rootfs.layers]]
kind = "cargo"
package = "scarlet-std-bin"
bin = "top"
to = "/system/scarlet/bin/top"
hash = "sha256:3b67c84fa9a80614823d37406aed60de1217ed6e2ccbc9138de8c2c3b2bbd6e0"

[sections.rootfs.layers.source]
type = "path"
path = ".scarlet/cache/git/3a6ec0c32bdfd41b/user/std-bin"

[[sections.rootfs.layers]]
kind = "cargo"
package = "user-bin"
bin = "scpm"
to = "/system/scarlet/bin/scpm"
hash = "sha256:876b3e5a9d36231e386d7a7a77d2a7b075f6b52bee1e513e4975f08dfb06d901"

[sections.rootfs.layers.source]
type = "path"
path = ".scarlet/cache/git/3a6ec0c32bdfd41b/user/bin"

[[sections.rootfs.layers]]
kind = "cargo"
package = "user-bin"
bin = "netcfgd"
to = "/system/scarlet/bin/netcfgd"
hash = "sha256:6720cbf3d014a56878eefa1c51c17f61e400f68abf17d15e625510497b350689"

[sections.rootfs.layers.source]
type = "path"
path = ".scarlet/cache/git/3a6ec0c32bdfd41b/user/bin"

[[sections.rootfs.layers]]
kind = "cargo"
bin = "resolverd"
to = "/system/scarlet/bin/resolverd"
hash = "sha256:d856efcd8157c583303ff2250e537fcc011b2c44f6eb8f4ff21792e4607e1d27"

[sections.rootfs.layers.source]
type = "path"
path = ".scarlet/cache/git/3a6ec0c32bdfd41b/user/std-bin"

[[sections.rootfs.layers]]
kind = "cargo"
bin = "ls"
to = "/system/scarlet/bin/ls"
hash = "sha256:9b10d889ed6d5f1cb92ff52f7a80d99e663e430701846e2d56fe2d310c4dc915"

[sections.rootfs.layers.source]
type = "path"
path = ".scarlet/cache/git/3a6ec0c32bdfd41b/user/std-bin"

[[sections.rootfs.layers]]
kind = "cargo"
bin = "cat"
to = "/system/scarlet/bin/cat"
hash = "sha256:c5095e086d35ab6c63061c00cf774cdc06b97f1b498049bd386e1962b611f927"

[sections.rootfs.layers.source]
type = "path"
path = ".scarlet/cache/git/3a6ec0c32bdfd41b/user/std-bin"

[[sections.rootfs.layers]]
kind = "cargo"
bin = "rm"
to = "/system/scarlet/bin/rm"
hash = "sha256:a2cb91eb53bc550fedfda639f08b23b4345efdf789a4bfd551fb9e19164c6658"

[sections.rootfs.layers.source]
type = "path"
path = ".scarlet/cache/git/3a6ec0c32bdfd41b/user/std-bin"

[[sections.rootfs.layers]]
kind = "cargo"
bin = "resolve"
to = "/system/scarlet/bin/resolve"
hash = "sha256:0ba66705aac5d0f518f05e74754790f82aa1b5f8a7e7a03fb0186d06d3eb537d"

[sections.rootfs.layers.source]
type = "path"
path = ".scarlet/cache/git/3a6ec0c32bdfd41b/user/std-bin"

[[sections.rootfs.layers]]
kind = "cargo"
package = "user-bin"
bin = "ping"
to = "/system/scarlet/bin/ping"
hash = "sha256:05f040c9921c8822ce15b406028db83d70289f269dacb2f4e1689d30a1d5e732"

[sections.rootfs.layers.source]
type = "path"
path = ".scarlet/cache/git/3a6ec0c32bdfd41b/user/bin"

[[sections.rootfs.layers]]
kind = "cargo"
package = "user-bin"
bin = "netcfg"
to = "/system/scarlet/bin/netcfg"
hash = "sha256:f33908c52c1dd7ac9604c2995d6f05251d8077a7e3e92eb634d435d86b4cc58c"

[sections.rootfs.layers.source]
type = "path"
path = ".scarlet/cache/git/3a6ec0c32bdfd41b/user/bin"

[[sections.rootfs.layers]]
kind = "cargo"
bin = "watch"
to = "/system/scarlet/bin/watch"
hash = "sha256:ba6b98f313d0f0fe6d21508d9ae4434389c77780f087cc5054533c4303bc2a40"

[sections.rootfs.layers.source]
type = "path"
path = ".scarlet/cache/git/3a6ec0c32bdfd41b/user/std-bin"

[[sections.rootfs.layers]]
kind = "cargo"
bin = "date"
to = "/system/scarlet/bin/date"
hash = "sha256:2310f21f6729021e61f604401e2e6b5f1355b42a5eb22ed76c770994c6403a2a"

[sections.rootfs.layers.source]
type = "path"
path = ".scarlet/cache/git/3a6ec0c32bdfd41b/user/std-bin"

[[sections.rootfs.layers]]
kind = "cargo"
package = "user-bin"
bin = "fb_test"
to = "/system/scarlet/bin/fb_test"
hash = "sha256:69c2b6ad78413693581f70cd363a379496d68b19ab6d16ae17d34b04c3e5374c"

[sections.rootfs.layers.source]
type = "path"
path = ".scarlet/cache/git/3a6ec0c32bdfd41b/user/bin"

[[sections.rootfs.layers]]
kind = "cargo"
package = "user-bin"
bin = "scarlet_desktop"
to = "/system/scarlet/bin/scarlet_desktop"
hash = "sha256:f40644ac503c44ec1478679cbf338c33fbed720ce4ed6bb1959ec7e6566121a9"

[sections.rootfs.layers.source]
type = "path"
path = ".scarlet/cache/git/3a6ec0c32bdfd41b/user/bin"

[[sections.rootfs.layers]]
kind = "cargo"
package = "user-bin"
bin = "scarlet_desktop_background"
to = "/system/scarlet/bin/scarlet_desktop_background"
hash = "sha256:a96dd4ad687b64893e6f529590df52f1875b4702f59a96efb1649999693a9d43"

[sections.rootfs.layers.source]
type = "path"
path = ".scarlet/cache/git/3a6ec0c32bdfd41b/user/bin"

[[sections.rootfs.layers]]
kind = "cargo"
package = "user-bin"
bin = "scarlet_desktop_taskbar"
to = "/system/scarlet/bin/scarlet_desktop_taskbar"
hash = "sha256:c92380d7ee331d3775176f79415b38bf503cb4cce00aee87bce39efe29a52a76"

[sections.rootfs.layers.source]
type = "path"
path = ".scarlet/cache/git/3a6ec0c32bdfd41b/user/bin"

[[sections.rootfs.layers]]
kind = "cargo"
package = "user-bin"
bin = "terminal"
to = "/system/scarlet/bin/terminal"
hash = "sha256:97ed2bf4087aacf0d8bf5af364154708c0baaf2c6c86b59dd6cec01e425e9855"

[sections.rootfs.layers.source]
type = "path"
path = ".scarlet/cache/git/3a6ec0c32bdfd41b/user/bin"

[[sections.rootfs.layers]]
kind = "cargo"
package = "user-bin"
bin = "sws"
to = "/system/scarlet/bin/sws"
hash = "sha256:74944455ffe01539c6a9893f4b4e83757639a221d158644d606e0b8fa1bb03b7"

[sections.rootfs.layers.source]
type = "path"
path = ".scarlet/cache/git/3a6ec0c32bdfd41b/user/bin"

[[sections.rootfs.layers]]
kind = "cargo"
package = "user-bin"
bin = "sas"
to = "/system/scarlet/bin/sas"
hash = "sha256:f1b9cb16427a9abdc6445d0831fb78733264e23cc6c031ed319aa445c8718c38"

[sections.rootfs.layers.source]
type = "path"
path = ".scarlet/cache/git/3a6ec0c32bdfd41b/user/bin"

[[sections.rootfs.layers]]
kind = "cargo"
bin = "sasctl"
to = "/system/scarlet/bin/sasctl"
hash = "sha256:fcabf4cc158f7bd2a907c25245f906d916507085a5cab86a214c6ccd54d2b912"

[sections.rootfs.layers.source]
type = "path"
path = ".scarlet/cache/git/3a6ec0c32bdfd41b/user/std-bin"

[[sections.rootfs.layers]]
kind = "cargo"
package = "user-bin"
bin = "mplayer"
to = "/system/scarlet/bin/mplayer"
hash = "sha256:cf8effd69b712c37c98be621556efc19beeec7dc49873bed1da145fae5cfa77a"

[sections.rootfs.layers.source]
type = "path"
path = ".scarlet/cache/git/3a6ec0c32bdfd41b/user/bin"

[[sections.rootfs.layers]]
kind = "cargo"
package = "user-bin"
bin = "ui-demo"
to = "/system/scarlet/bin/ui-demo"
hash = "sha256:ffcbdda8f8ccad3602baa31d25677bcca01c49526f0f67ff3ee8ec84b00e501c"

[sections.rootfs.layers.source]
type = "path"
path = ".scarlet/cache/git/3a6ec0c32bdfd41b/user/bin"

[[sections.rootfs.layers]]
kind = "cargo"
package = "user-bin"
bin = "pdfview"
to = "/system/scarlet/bin/pdfview"
hash = "sha256:975c05b6367b33edf83ee9c98be881ee0930d8f76ba4410b7ba678042dc9f1e2"

[sections.rootfs.layers.source]
type = "path"
path = ".scarlet/cache/git/3a6ec0c32bdfd41b/user/bin"

[[sections.rootfs.layers]]
kind = "cargo"
package = "user-bin"
bin = "settings"
to = "/system/scarlet/bin/settings"
hash = "sha256:f6b3a91eb6a7258c98624e078856841fc744a61a1eead8291d4da1f12b427684"

[sections.rootfs.layers.source]
type = "path"
path = ".scarlet/cache/git/3a6ec0c32bdfd41b/user/bin"

[[sections.rootfs.layers]]
kind = "cargo"
bin = "task_manager"
to = "/system/scarlet/bin/task_manager"
hash = "sha256:a565c7b1a9f7755979c852432042762e17239838965699e0f7ba3d4ea82d67b1"

[sections.rootfs.layers.source]
type = "path"
path = ".scarlet/cache/git/3a6ec0c32bdfd41b/user/std-bin"

[[sections.rootfs.layers]]
kind = "cargo"
package = "user-bin"
bin = "scarlet_skk"
to = "/system/scarlet/bin/scarlet_skk"
hash = "sha256:09d11b77ad6f56c45fb392b9889ec707f3e16efac1f273142fe47163416c5801"

[sections.rootfs.layers.source]
type = "path"
path = ".scarlet/cache/git/3a6ec0c32bdfd41b/user/bin"

[[sections.rootfs.layers]]
kind = "script"
to = "/system/scarlet/share/skk/SKK-JISYO.L"
output = ".scarlet/cache/git/3a6ec0c32bdfd41b/bundles/desktop/.scarlet/cache/skk/SKK-JISYO.L"
hash = "sha256:cb3638df4cf621359db4e5aca385deae3cd0e681540da1c788d004374d261a42"

[sections.rootfs.layers.source]
type = "path"
path = ".scarlet/cache/git/3a6ec0c32bdfd41b/bundles/desktop/tools/fetch_skk_dictionary.sh"

[[sections.rootfs.layers]]
kind = "cargo"
package = "user-bin"
bin = "wayland_bridge"
to = "/system/scarlet/bin/wayland_bridge"
hash = "sha256:0791767a182ec9ba7db1918e514aa59366ec9be4c40b03520f86150b244f010c"

[sections.rootfs.layers.source]
type = "path"
path = ".scarlet/cache/git/3a6ec0c32bdfd41b/user/bin"

[[sections.rootfs.layers]]
kind = "cargo"
bin = "ansi_banner"
to = "/system/scarlet/bin/ansi_banner"
hash = "sha256:90e02d877e8234522afe7398de6b19932c05a600c1a24ac78a8fe5f7b2052eb5"

[sections.rootfs.layers.source]
type = "path"
path = ".scarlet/cache/git/3a6ec0c32bdfd41b/user/std-bin"

[[sections.rootfs.layers]]
kind = "cargo"
package = "user-bin"
bin = "gpu_probe"
to = "/system/scarlet/bin/gpu_probe"
hash = "sha256:f959d26b30873d4b373df20455dbc86448fe6a716d9ad22f6021da5578190457"

[sections.rootfs.layers.source]
type = "path"
path = ".scarlet/cache/git/3a6ec0c32bdfd41b/user/bin"

[[sections.rootfs.layers]]
kind = "cargo"
bin = "httpd"
to = "/system/scarlet/bin/httpd"
hash = "sha256:26bf32677396eb5d813b8d1bf041b63c8a7cf4ab9034b15a2f0f28cacaeb7f21"

[sections.rootfs.layers.source]
type = "path"
path = ".scarlet/cache/git/3a6ec0c32bdfd41b/user/std-bin"

[[sections.rootfs.layers]]
kind = "cargo"
package = "user-bin"
bin = "ushv"
to = "/system/scarlet/bin/ushv"
hash = "sha256:f0d56ab86976a607dd7e0979df9d695b26a25ded77d7122d907b2556831cf4ec"

[sections.rootfs.layers.source]
type = "path"
path = ".scarlet/cache/git/3a6ec0c32bdfd41b/user/bin"

[[sections.rootfs.layers]]
kind = "cargo"
bin = "lsm_list"
to = "/system/scarlet/bin/lsm_list"
hash = "sha256:955c74b98e3196a68cee3b5a7e1527d956f8aea9a71eb14dd5a99500a2588d1f"

[sections.rootfs.layers.source]
type = "path"
path = ".scarlet/cache/git/3a6ec0c32bdfd41b/user/std-bin"

[[sections.rootfs.layers]]
kind = "cargo"
bin = "clock"
to = "/system/scarlet/bin/clock"
hash = "sha256:d076c322f79f2058b1f837d9e2ef2209abb49c7c748d6146f606c8d629c36c55"

[sections.rootfs.layers.source]
type = "path"
path = ".scarlet/cache/git/3a6ec0c32bdfd41b/user/std-bin"

[[sections.rootfs.layers]]
kind = "cargo"
bin = "lsm_load"
to = "/system/scarlet/bin/lsm_load"
hash = "sha256:d9f29b9343a7e12489123ccd13303da19e0c75581b323ad11e4c88e7917532ad"

[sections.rootfs.layers.source]
type = "path"
path = ".scarlet/cache/git/3a6ec0c32bdfd41b/user/std-bin"

[[sections.rootfs.layers]]
kind = "cargo"
bin = "lsm_unload"
to = "/system/scarlet/bin/lsm_unload"
hash = "sha256:42970a4838c4761e8244707081e10eb3608e83eabe4dfceaacc0f6d0d603f11f"

[sections.rootfs.layers.source]
type = "path"
path = ".scarlet/cache/git/3a6ec0c32bdfd41b/user/std-bin"

[[sections.rootfs.layers]]
kind = "cargo"
bin = "input_dump"
to = "/system/scarlet/bin/input_dump"
hash = "sha256:78f38f211f953bd0df133643ef4e5ab49d92bd683d988a3d737ce0fd93ebd4aa"

[sections.rootfs.layers.source]
type = "path"
path = ".scarlet/cache/git/3a6ec0c32bdfd41b/user/std-bin"

[[sections.rootfs.layers]]
kind = "cargo"
bin = "mozc_server"
to = "/system/scarlet/bin/mozc_server"
hash = "sha256:0ae0eeebdd640840cd9eea863509a6449aa91821e82e939fa8f2d2d9ad7fa4ec"

[sections.rootfs.layers.source]
type = "path"
path = ".scarlet/cache/git/3a6ec0c32bdfd41b/user/bin"

[[sections.rootfs.layers]]
kind = "cargo"
package = "user-bin"
bin = "scarlet_mozc"
to = "/system/scarlet/bin/scarlet_mozc"
hash = "sha256:09033774d43c2dee5c0e2d6aa171a7673d8183123bab96239b05db4bb9ea4fe0"

[sections.rootfs.layers.source]
type = "path"
path = ".scarlet/cache/git/3a6ec0c32bdfd41b/user/bin"

[[sections.rootfs.layers]]
kind = "cargo"
package = "user-bin"
bin = "dcp_flip_test"
to = "/system/scarlet/bin/dcp_flip_test"
hash = "sha256:446dac6d4abc91fa5707932b34848c38cc9debf79e159aef7a2165d2cf0fb679"

[sections.rootfs.layers.source]
type = "path"
path = ".scarlet/cache/git/3a6ec0c32bdfd41b/user/bin"

[[sections.rootfs.layers]]
kind = "cargo"
package = "video_player"
bin = "video_player"
features = [
    "av1-stateful-hw",
    "h264-stateful-hw",
    "h264-stateless-hw",
    "mp4-aac",
]
default-features = false
to = "/system/scarlet/bin/video_player"
hash = "sha256:8e3b0e2e65b5107096e5fbc4a1e5c13fc7275f3f977781cba9fb004358818aa9"

[sections.rootfs.layers.source]
type = "path"
path = ".scarlet/cache/git/3a6ec0c32bdfd41b/user/video_player"

[[sections.rootfs.layers]]
kind = "cargo"
git = "https://github.com/petitstrawberry/yt-for-scarlet"
resolved_rev = "9d628615b0f3c914cc3f306c560d73aeaf935fb6"
package = "yt"
bin = "yt"
to = "/system/scarlet/bin/yt"
hash = "sha256:ff0969b6e982ad6555eb2da3e2dd2ba8d735e1fef15dd6ca030e5c1f0b4fcb6d"

[sections.rootfs.layers.source]
type = "git"
url = "https://github.com/petitstrawberry/yt-for-scarlet"
rev = "9d628615b0f3c914cc3f306c560d73aeaf935fb6"

[[sections.rootfs.layers]]
kind = "cargo"
git = "https://github.com/petitstrawberry/yt-for-scarlet"
resolved_rev = "9d628615b0f3c914cc3f306c560d73aeaf935fb6"
package = "yt-gui"
bin = "yt-gui"
to = "/system/scarlet/bin/yt-gui"
hash = "sha256:d5077daf679ff7efd02d3439e573f5b27ad6205b7b2a6bb22c3dd5d255ff5cf8"

[sections.rootfs.layers.source]
type = "git"
url = "https://github.com/petitstrawberry/yt-for-scarlet"
rev = "9d628615b0f3c914cc3f306c560d73aeaf935fb6"

[[sections.rootfs.layers]]
kind = "cargo"
git = "https://github.com/petitstrawberry/carmine"
resolved_rev = "2594c2bf8961d72d6c4a97d21336a5d6c36b95e2"
package = "carmine"
bin = "carmine"
to = "/system/scarlet/bin/carmine"
hash = "sha256:fe71dd036a27665da2546ff34147101a3a8261962b251ec8e7930863aa017891"

[sections.rootfs.layers.source]
type = "git"
url = "https://github.com/petitstrawberry/carmine"
rev = "2594c2bf8961d72d6c4a97d21336a5d6c36b95e2"

[sections.usb-rootfs]
hash = "sha256:735468976df8d18880b25b22458580e4a4c5cbbb8a9bb7e019da120af16d6f35"
layers = []
